
Microsoft Visual Studio Solution File, Format Version 12.00
# Visual Studio Version 16
VisualStudioVersion = 16.0.31321.278
MinimumVisualStudioVersion = 10.0.40219.1
Project("{FAE04EC0-301F-11D3-BF4B-00C04F79EFBC}") = "EverBetterAdminApp", "EverBetterAdminApp.csproj", "{6C980CC0-2D6F-420F-B80D-2BCA01C4A8B8}"
EndProject
Project("{FAE04EC0-301F-11D3-BF4B-00C04F79EFBC}") = "DataAccess", "..\DataAccess\DataAccess.csproj", "{A8EBBD97-206B-4044-83D7-AE210A772AD0}"
EndProject
Global
	GlobalSection(SolutionConfigurationPlatforms) = preSolution
		Debug|Any CPU = Debug|Any CPU
		Release|Any CPU = Release|Any CPU
	EndGlobalSection
	GlobalSection(ProjectConfigurationPlatforms) = postSolution
		{6C980CC0-2D6F-420F-B80D-2BCA01C4A8B8}.Debug|Any CPU.ActiveCfg = Debug|Any CPU
		{6C980CC0-2D6F-420F-B80D-2BCA01C4A8B8}.Debug|Any CPU.Build.0 = Debug|Any CPU
		{6C980CC0-2D6F-420F-B80D-2BCA01C4A8B8}.Release|Any CPU.ActiveCfg = Release|Any CPU
		{6C980CC0-2D6F-420F-B80D-2BCA01C4A8B8}.Release|Any CPU.Build.0 = Release|Any CPU
		{A8EBBD97-206B-4044-83D7-AE210A772AD0}.Debug|Any CPU.ActiveCfg = Debug|Any CPU
		{A8EBBD97-206B-4044-83D7-AE210A772AD0}.Debug|Any CPU.Build.0 = Debug|Any CPU
		{A8EBBD97-206B-4044-83D7-AE210A772AD0}.Release|Any CPU.ActiveCfg = Release|Any CPU
		{A8EBBD97-206B-4044-83D7-AE210A772AD0}.Release|Any CPU.Build.0 = Release|Any CPU
	EndGlobalSection
	GlobalSection(SolutionProperties) = preSolution
		HideSolutionNode = FALSE
	EndGlobalSection
	GlobalSection(ExtensibilityGlobals) = postSolution
		SolutionGuid = {E7671B7C-34B4-4D97-BFBB-4B5FA7AEEA46}
	EndGlobalSection
EndGlobal
