
Microsoft Visual Studio Solution File, Format Version 12.00
# Visual Studio Version 16
VisualStudioVersion = 16.0.31321.278
MinimumVisualStudioVersion = 10.0.40219.1
Project("{9A19103F-16F7-4668-BE54-9A1E7A4F7556}") = "EverBetterAdminApp", "EverBetterAdminApp\EverBetterAdminApp.csproj", "{CB4C3C29-F1C9-47DA-89C7-2232F010725C}"
EndProject
Project("{9A19103F-16F7-4668-BE54-9A1E7A4F7556}") = "DataAccess", "DataAccess\DataAccess.csproj", "{B109C940-A4D6-49F4-A5C5-AD8D645965DE}"
EndProject
Global
	GlobalSection(SolutionConfigurationPlatforms) = preSolution
		Debug|Any CPU = Debug|Any CPU
		Release|Any CPU = Release|Any CPU
	EndGlobalSection
	GlobalSection(ProjectConfigurationPlatforms) = postSolution
		{CB4C3C29-F1C9-47DA-89C7-2232F010725C}.Debug|Any CPU.ActiveCfg = Debug|Any CPU
		{CB4C3C29-F1C9-47DA-89C7-2232F010725C}.Debug|Any CPU.Build.0 = Debug|Any CPU
		{CB4C3C29-F1C9-47DA-89C7-2232F010725C}.Release|Any CPU.ActiveCfg = Release|Any CPU
		{CB4C3C29-F1C9-47DA-89C7-2232F010725C}.Release|Any CPU.Build.0 = Release|Any CPU
		{B109C940-A4D6-49F4-A5C5-AD8D645965DE}.Debug|Any CPU.ActiveCfg = Debug|Any CPU
		{B109C940-A4D6-49F4-A5C5-AD8D645965DE}.Debug|Any CPU.Build.0 = Debug|Any CPU
		{B109C940-A4D6-49F4-A5C5-AD8D645965DE}.Release|Any CPU.ActiveCfg = Release|Any CPU
		{B109C940-A4D6-49F4-A5C5-AD8D645965DE}.Release|Any CPU.Build.0 = Release|Any CPU
	EndGlobalSection
	GlobalSection(SolutionProperties) = preSolution
		HideSolutionNode = FALSE
	EndGlobalSection
	GlobalSection(ExtensibilityGlobals) = postSolution
		SolutionGuid = {E7671B7C-34B4-4D97-BFBB-4B5FA7AEEA46}
	EndGlobalSection
EndGlobal
